// !$*UTF8*$!
{
	archiveVersion = 1;
	classes = {
	};
	objectVersion = 46;
	objects = {

/* Begin PBXBuildFile section */
		185CCC6B1C3CB98E006F949C /* main.cpp in Sources */ = {isa = PBXBuildFile; fileRef = 185CCC6A1C3CB98E006F949C /* main.cpp */; };
/* End PBXBuildFile section */

/* Begin PBXCopyFilesBuildPhase section */
		185CCC651C3CB98E006F949C /* CopyFiles */ = {
			isa = PBXCopyFilesBuildPhase;
			buildActionMask = 2147483647;
			dstPath = /usr/share/man/man1/;
			dstSubfolderSpec = 0;
			files = (
			);
			runOnlyForDeploymentPostprocessing = 1;
		};
/* End PBXCopyFilesBuildPhase section */

/* Begin PBXFileReference section */
		185CCC671C3CB98E006F949C /* Implement Stack using Queues */ = {isa = PBXFileReference; explicitFileType = "compiled.mach-o.executable"; includeInIndex = 0; path = "Implement Stack using Queues"; sourceTree = BUILT_PRODUCTS_DIR; };
		185CCC6A1C3CB98E006F949C /* main.cpp */ = {isa = PBXFileReference; lastKnownFileType = sourcecode.cpp.cpp; path = main.cpp; sourceTree = "<group>"; };
/* End PBXFileReference section */

/* Begin PBXFrameworksBuildPhase section */
		185CCC641C3CB98E006F949C /* Frameworks */ = {
			isa = PBXFrameworksBuildPhase;
			buildActionMask = 2147483647;
			files = (
			);
			runOnlyForDeploymentPostprocessing = 0;
		};
/* End PBXFrameworksBuildPhase section */

/* Begin PBXGroup section */
		185CCC5E1C3CB98E006F949C = {
			isa = PBXGroup;
			children = (
				185CCC691C3CB98E006F949C /* Implement Stack using Queues */,
				185CCC681C3CB98E006F949C /* Products */,
			);
			sourceTree = "<group>";
		};
		185CCC681C3CB98E006F949C /* Products */ = {
			isa = PBXGroup;
			children = (
				185CCC671C3CB98E006F949C /* Implement Stack using Queues */,
			);
			name = Products;
			sourceTree = "<group>";
		};
		185CCC691C3CB98E006F949C /* Implement Stack using Queues */ = {
			isa = PBXGroup;
			children = (
				185CCC6A1C3CB98E006F949C /* main.cpp */,
			);
			path = "Implement Stack using Queues";
			sourceTree = "<group>";
		};
/* End PBXGroup section */

/* Begin PBXNativeTarget section */
		185CCC661C3CB98E006F949C /* Implement Stack using Queues */ = {
			isa = PBXNativeTarget;
			buildConfigurationList = 185CCC6E1C3CB98E006F949C /* Build configuration list for PBXNativeTarget "Implement Stack using Queues" */;
			buildPhases = (
				185CCC631C3CB98E006F949C /* Sources */,
				185CCC641C3CB98E006F949C /* Frameworks */,
				185CCC651C3CB98E006F949C /* CopyFiles */,
			);
			buildRules = (
			);
			dependencies = (
			);
			name = "Implement Stack using Queues";
			productName = "Implement Stack using Queues";
			productReference = 185CCC671C3CB98E006F949C /* Implement Stack using Queues */;
			productType = "com.apple.product-type.tool";
		};
/* End PBXNativeTarget section */

/* Begin PBXProject section */
		185CCC5F1C3CB98E006F949C /* Project object */ = {
			isa = PBXProject;
			attributes = {
				LastUpgradeCheck = 0720;
				ORGANIZATIONNAME = apple;
				TargetAttributes = {
					185CCC661C3CB98E006F949C = {
						CreatedOnToolsVersion = 7.2;
					};
				};
			};
			buildConfigurationList = 185CCC621C3CB98E006F949C /* Build configuration list for PBXProject "Implement Stack using Queues" */;
			compatibilityVersion = "Xcode 3.2";
			developmentRegion = English;
			hasScannedForEncodings = 0;
			knownRegions = (
				en,
			);
			mainGroup = 185CCC5E1C3CB98E006F949C;
			productRefGroup = 185CCC681C3CB98E006F949C /* Products */;
			projectDirPath = "";
			projectRoot = "";
			targets = (
				185CCC661C3CB98E006F949C /* Implement Stack using Queues */,
			);
		};
/* End PBXProject section */

/* Begin PBXSourcesBuildPhase section */
		185CCC631C3CB98E006F949C /* Sources */ = {
			isa = PBXSourcesBuildPhase;
			buildActionMask = 2147483647;
			files = (
				185CCC6B1C3CB98E006F949C /* main.cpp in Sources */,
			);
			runOnlyForDeploymentPostprocessing = 0;
		};
/* End PBXSourcesBuildPhase section */

/* Begin XCBuildConfiguration section */
		185CCC6C1C3CB98E006F949C /* Debug */ = {
			isa = XCBuildConfiguration;
			buildSettings = {
				ALWAYS_SEARCH_USER_PATHS = NO;
				CLANG_CXX_LANGUAGE_STANDARD = "gnu++0x";
				CLANG_CXX_LIBRARY = "libc++";
				CLANG_ENABLE_MODULES = YES;
				CLANG_ENABLE_OBJC_ARC = YES;
				CLANG_WARN_BOOL_CONVERSION = YES;
				CLANG_WARN_CONSTANT_CONVERSION = YES;
				CLANG_WARN_DIRECT_OBJC_ISA_USAGE = YES_ERROR;
				CLANG_WARN_EMPTY_BODY = YES;
				CLANG_WARN_ENUM_CONVERSION = YES;
				CLANG_WARN_INT_CONVERSION = YES;
				CLANG_WARN_OBJC_ROOT_CLASS = YES_ERROR;
				CLANG_WARN_UNREACHABLE_CODE = YES;
				CLANG_WARN__DUPLICATE_METHOD_MATCH = YES;
				CODE_SIGN_IDENTITY = "-";
				COPY_PHASE_STRIP = NO;
				DEBUG_INFORMATION_FORMAT = dwarf;
				ENABLE_STRICT_OBJC_MSGSEND = YES;
				ENABLE_TESTABILITY = YES;
				GCC_C_LANGUAGE_STANDARD = gnu99;
				GCC_DYNAMIC_NO_PIC = NO;
				GCC_NO_COMMON_BLOCKS = YES;
				GCC_OPTIMIZATION_LEVEL = 0;
				GCC_PREPROCESSOR_DEFINITIONS = (
					"DEBUG=1",
					"$(inherited)",
				);
				GCC_WARN_64_TO_32_BIT_CONVERSION = YES;
				GCC_WARN_ABOUT_RETURN_TYPE = YES_ERROR;
				GCC_WARN_UNDECLARED_SELECTOR = YES;
				GCC_WARN_UNINITIALIZED_AUTOS = YES_AGGRESSIVE;
				GCC_WARN_UNUSED_FUNCTION = YES;
				GCC_WARN_UNUSED_VARIABLE = YES;
				MACOSX_DEPLOYMENT_TARGET = 10.11;
				MTL_ENABLE_DEBUG_INFO = YES;
				ONLY_ACTIVE_ARCH = YES;
				SDKROOT = macosx;
			};
			name = Debug;
		};
		185CCC6D1C3CB98E006F949C /* Release */ = {
			isa = XCBuildConfiguration;
			buildSettings = {
				ALWAYS_SEARCH_USER_PATHS = NO;
				CLANG_CXX_LANGUAGE_STANDARD = "gnu++0x";
				CLANG_CXX_LIBRARY = "libc++";
				CLANG_ENABLE_MODULES = YES;
				CLANG_ENABLE_OBJC_ARC = YES;
				CLANG_WARN_BOOL_CONVERSION = YES;
				CLANG_WARN_CONSTANT_CONVERSION = YES;
				CLANG_WARN_DIRECT_OBJC_ISA_USAGE = YES_ERROR;
				CLANG_WARN_EMPTY_BODY = YES;
				CLANG_WARN_ENUM_CONVERSION = YES;
				CLANG_WARN_INT_CONVERSION = YES;
				CLANG_WARN_OBJC_ROOT_CLASS = YES_ERROR;
				CLANG_WARN_UNREACHABLE_CODE = YES;
				CLANG_WARN__DUPLICATE_METHOD_MATCH = YES;
				CODE_SIGN_IDENTITY = "-";
				COPY_PHASE_STRIP = NO;
				DEBUG_INFORMATION_FORMAT = "dwarf-with-dsym";
				ENABLE_NS_ASSERTIONS = NO;
				ENABLE_STRICT_OBJC_MSGSEND = YES;
				GCC_C_LANGUAGE_STANDARD = gnu99;
				GCC_NO_COMMON_BLOCKS = YES;
				GCC_WARN_64_TO_32_BIT_CONVERSION = YES;
				GCC_WARN_ABOUT_RETURN_TYPE = YES_ERROR;
				GCC_WARN_UNDECLARED_SELECTOR = YES;
				GCC_WARN_UNINITIALIZED_AUTOS = YES_AGGRESSIVE;
				GCC_WARN_UNUSED_FUNCTION = YES;
				GCC_WARN_UNUSED_VARIABLE = YES;
				MACOSX_DEPLOYMENT_TARGET = 10.11;
				MTL_ENABLE_DEBUG_INFO = NO;
				SDKROOT = macosx;
			};
			name = Release;
		};
		185CCC6F1C3CB98E006F949C /* Debug */ = {
			isa = XCBuildConfiguration;
			buildSettings = {
				PRODUCT_NAME = "$(TARGET_NAME)";
			};
			name = Debug;
		};
		185CCC701C3CB98E006F949C /* Release */ = {
			isa = XCBuildConfiguration;
			buildSettings = {
				PRODUCT_NAME = "$(TARGET_NAME)";
			};
			name = Release;
		};
/* End XCBuildConfiguration section */

/* Begin XCConfigurationList section */
		185CCC621C3CB98E006F949C /* Build configuration list for PBXProject "Implement Stack using Queues" */ = {
			isa = XCConfigurationList;
			buildConfigurations = (
				185CCC6C1C3CB98E006F949C /* Debug */,
				185CCC6D1C3CB98E006F949C /* Release */,
			);
			defaultConfigurationIsVisible = 0;
			defaultConfigurationName = Release;
		};
		185CCC6E1C3CB98E006F949C /* Build configuration list for PBXNativeTarget "Implement Stack using Queues" */ = {
			isa = XCConfigurationList;
			buildConfigurations = (
				185CCC6F1C3CB98E006F949C /* Debug */,
				185CCC701C3CB98E006F949C /* Release */,
			);
			defaultConfigurationIsVisible = 0;
		};
/* End XCConfigurationList section */
	};
	rootObject = 185CCC5F1C3CB98E006F949C /* Project object */;
}
