// !$*UTF8*$!
{
	archiveVersion = 1;
	classes = {
	};
	objectVersion = 46;
	objects = {

/* Begin PBXBuildFile section */
		18E59DC61D16C8F50028BE19 /* main.cpp in Sources */ = {isa = PBXBuildFile; fileRef = 18E59DC51D16C8F50028BE19 /* main.cpp */; };
/* End PBXBuildFile section */

/* Begin PBXCopyFilesBuildPhase section */
		18E59DC01D16C8F50028BE19 /* CopyFiles */ = {
			isa = PBXCopyFilesBuildPhase;
			buildActionMask = 2147483647;
			dstPath = /usr/share/man/man1/;
			dstSubfolderSpec = 0;
			files = (
			);
			runOnlyForDeploymentPostprocessing = 1;
		};
/* End PBXCopyFilesBuildPhase section */

/* Begin PBXFileReference section */
		18E59DC21D16C8F50028BE19 /* Find Minimum in Rotated Sorted Array II */ = {isa = PBXFileReference; explicitFileType = "compiled.mach-o.executable"; includeInIndex = 0; path = "Find Minimum in Rotated Sorted Array II"; sourceTree = BUILT_PRODUCTS_DIR; };
		18E59DC51D16C8F50028BE19 /* main.cpp */ = {isa = PBXFileReference; lastKnownFileType = sourcecode.cpp.cpp; path = main.cpp; sourceTree = "<group>"; };
/* End PBXFileReference section */

/* Begin PBXFrameworksBuildPhase section */
		18E59DBF1D16C8F50028BE19 /* Frameworks */ = {
			isa = PBXFrameworksBuildPhase;
			buildActionMask = 2147483647;
			files = (
			);
			runOnlyForDeploymentPostprocessing = 0;
		};
/* End PBXFrameworksBuildPhase section */

/* Begin PBXGroup section */
		18E59DB91D16C8F50028BE19 = {
			isa = PBXGroup;
			children = (
				18E59DC41D16C8F50028BE19 /* Find Minimum in Rotated Sorted Array II */,
				18E59DC31D16C8F50028BE19 /* Products */,
			);
			sourceTree = "<group>";
		};
		18E59DC31D16C8F50028BE19 /* Products */ = {
			isa = PBXGroup;
			children = (
				18E59DC21D16C8F50028BE19 /* Find Minimum in Rotated Sorted Array II */,
			);
			name = Products;
			sourceTree = "<group>";
		};
		18E59DC41D16C8F50028BE19 /* Find Minimum in Rotated Sorted Array II */ = {
			isa = PBXGroup;
			children = (
				18E59DC51D16C8F50028BE19 /* main.cpp */,
			);
			path = "Find Minimum in Rotated Sorted Array II";
			sourceTree = "<group>";
		};
/* End PBXGroup section */

/* Begin PBXNativeTarget section */
		18E59DC11D16C8F50028BE19 /* Find Minimum in Rotated Sorted Array II */ = {
			isa = PBXNativeTarget;
			buildConfigurationList = 18E59DC91D16C8F50028BE19 /* Build configuration list for PBXNativeTarget "Find Minimum in Rotated Sorted Array II" */;
			buildPhases = (
				18E59DBE1D16C8F50028BE19 /* Sources */,
				18E59DBF1D16C8F50028BE19 /* Frameworks */,
				18E59DC01D16C8F50028BE19 /* CopyFiles */,
			);
			buildRules = (
			);
			dependencies = (
			);
			name = "Find Minimum in Rotated Sorted Array II";
			productName = "Find Minimum in Rotated Sorted Array II";
			productReference = 18E59DC21D16C8F50028BE19 /* Find Minimum in Rotated Sorted Array II */;
			productType = "com.apple.product-type.tool";
		};
/* End PBXNativeTarget section */

/* Begin PBXProject section */
		18E59DBA1D16C8F50028BE19 /* Project object */ = {
			isa = PBXProject;
			attributes = {
				LastUpgradeCheck = 0730;
				ORGANIZATIONNAME = apple;
				TargetAttributes = {
					18E59DC11D16C8F50028BE19 = {
						CreatedOnToolsVersion = 7.3;
					};
				};
			};
			buildConfigurationList = 18E59DBD1D16C8F50028BE19 /* Build configuration list for PBXProject "Find Minimum in Rotated Sorted Array II" */;
			compatibilityVersion = "Xcode 3.2";
			developmentRegion = English;
			hasScannedForEncodings = 0;
			knownRegions = (
				en,
			);
			mainGroup = 18E59DB91D16C8F50028BE19;
			productRefGroup = 18E59DC31D16C8F50028BE19 /* Products */;
			projectDirPath = "";
			projectRoot = "";
			targets = (
				18E59DC11D16C8F50028BE19 /* Find Minimum in Rotated Sorted Array II */,
			);
		};
/* End PBXProject section */

/* Begin PBXSourcesBuildPhase section */
		18E59DBE1D16C8F50028BE19 /* Sources */ = {
			isa = PBXSourcesBuildPhase;
			buildActionMask = 2147483647;
			files = (
				18E59DC61D16C8F50028BE19 /* main.cpp in Sources */,
			);
			runOnlyForDeploymentPostprocessing = 0;
		};
/* End PBXSourcesBuildPhase section */

/* Begin XCBuildConfiguration section */
		18E59DC71D16C8F50028BE19 /* Debug */ = {
			isa = XCBuildConfiguration;
			buildSettings = {
				ALWAYS_SEARCH_USER_PATHS = NO;
				CLANG_ANALYZER_NONNULL = YES;
				CLANG_CXX_LANGUAGE_STANDARD = "gnu++0x";
				CLANG_CXX_LIBRARY = "libc++";
				CLANG_ENABLE_MODULES = YES;
				CLANG_ENABLE_OBJC_ARC = YES;
				CLANG_WARN_BOOL_CONVERSION = YES;
				CLANG_WARN_CONSTANT_CONVERSION = YES;
				CLANG_WARN_DIRECT_OBJC_ISA_USAGE = YES_ERROR;
				CLANG_WARN_EMPTY_BODY = YES;
				CLANG_WARN_ENUM_CONVERSION = YES;
				CLANG_WARN_INT_CONVERSION = YES;
				CLANG_WARN_OBJC_ROOT_CLASS = YES_ERROR;
				CLANG_WARN_UNREACHABLE_CODE = YES;
				CLANG_WARN__DUPLICATE_METHOD_MATCH = YES;
				CODE_SIGN_IDENTITY = "-";
				COPY_PHASE_STRIP = NO;
				DEBUG_INFORMATION_FORMAT = dwarf;
				ENABLE_STRICT_OBJC_MSGSEND = YES;
				ENABLE_TESTABILITY = YES;
				GCC_C_LANGUAGE_STANDARD = gnu99;
				GCC_DYNAMIC_NO_PIC = NO;
				GCC_NO_COMMON_BLOCKS = YES;
				GCC_OPTIMIZATION_LEVEL = 0;
				GCC_PREPROCESSOR_DEFINITIONS = (
					"DEBUG=1",
					"$(inherited)",
				);
				GCC_WARN_64_TO_32_BIT_CONVERSION = YES;
				GCC_WARN_ABOUT_RETURN_TYPE = YES_ERROR;
				GCC_WARN_UNDECLARED_SELECTOR = YES;
				GCC_WARN_UNINITIALIZED_AUTOS = YES_AGGRESSIVE;
				GCC_WARN_UNUSED_FUNCTION = YES;
				GCC_WARN_UNUSED_VARIABLE = YES;
				MACOSX_DEPLOYMENT_TARGET = 10.11;
				MTL_ENABLE_DEBUG_INFO = YES;
				ONLY_ACTIVE_ARCH = YES;
				SDKROOT = macosx;
			};
			name = Debug;
		};
		18E59DC81D16C8F50028BE19 /* Release */ = {
			isa = XCBuildConfiguration;
			buildSettings = {
				ALWAYS_SEARCH_USER_PATHS = NO;
				CLANG_ANALYZER_NONNULL = YES;
				CLANG_CXX_LANGUAGE_STANDARD = "gnu++0x";
				CLANG_CXX_LIBRARY = "libc++";
				CLANG_ENABLE_MODULES = YES;
				CLANG_ENABLE_OBJC_ARC = YES;
				CLANG_WARN_BOOL_CONVERSION = YES;
				CLANG_WARN_CONSTANT_CONVERSION = YES;
				CLANG_WARN_DIRECT_OBJC_ISA_USAGE = YES_ERROR;
				CLANG_WARN_EMPTY_BODY = YES;
				CLANG_WARN_ENUM_CONVERSION = YES;
				CLANG_WARN_INT_CONVERSION = YES;
				CLANG_WARN_OBJC_ROOT_CLASS = YES_ERROR;
				CLANG_WARN_UNREACHABLE_CODE = YES;
				CLANG_WARN__DUPLICATE_METHOD_MATCH = YES;
				CODE_SIGN_IDENTITY = "-";
				COPY_PHASE_STRIP = NO;
				DEBUG_INFORMATION_FORMAT = "dwarf-with-dsym";
				ENABLE_NS_ASSERTIONS = NO;
				ENABLE_STRICT_OBJC_MSGSEND = YES;
				GCC_C_LANGUAGE_STANDARD = gnu99;
				GCC_NO_COMMON_BLOCKS = YES;
				GCC_WARN_64_TO_32_BIT_CONVERSION = YES;
				GCC_WARN_ABOUT_RETURN_TYPE = YES_ERROR;
				GCC_WARN_UNDECLARED_SELECTOR = YES;
				GCC_WARN_UNINITIALIZED_AUTOS = YES_AGGRESSIVE;
				GCC_WARN_UNUSED_FUNCTION = YES;
				GCC_WARN_UNUSED_VARIABLE = YES;
				MACOSX_DEPLOYMENT_TARGET = 10.11;
				MTL_ENABLE_DEBUG_INFO = NO;
				SDKROOT = macosx;
			};
			name = Release;
		};
		18E59DCA1D16C8F50028BE19 /* Debug */ = {
			isa = XCBuildConfiguration;
			buildSettings = {
				PRODUCT_NAME = "$(TARGET_NAME)";
			};
			name = Debug;
		};
		18E59DCB1D16C8F50028BE19 /* Release */ = {
			isa = XCBuildConfiguration;
			buildSettings = {
				PRODUCT_NAME = "$(TARGET_NAME)";
			};
			name = Release;
		};
/* End XCBuildConfiguration section */

/* Begin XCConfigurationList section */
		18E59DBD1D16C8F50028BE19 /* Build configuration list for PBXProject "Find Minimum in Rotated Sorted Array II" */ = {
			isa = XCConfigurationList;
			buildConfigurations = (
				18E59DC71D16C8F50028BE19 /* Debug */,
				18E59DC81D16C8F50028BE19 /* Release */,
			);
			defaultConfigurationIsVisible = 0;
			defaultConfigurationName = Release;
		};
		18E59DC91D16C8F50028BE19 /* Build configuration list for PBXNativeTarget "Find Minimum in Rotated Sorted Array II" */ = {
			isa = XCConfigurationList;
			buildConfigurations = (
				18E59DCA1D16C8F50028BE19 /* Debug */,
				18E59DCB1D16C8F50028BE19 /* Release */,
			);
			defaultConfigurationIsVisible = 0;
		};
/* End XCConfigurationList section */
	};
	rootObject = 18E59DBA1D16C8F50028BE19 /* Project object */;
}
