// !$*UTF8*$!
{
	archiveVersion = 1;
	classes = {
	};
	objectVersion = 46;
	objects = {

/* Begin PBXBuildFile section */
		188B3FCB1D541FE40007F5F9 /* main.cpp in Sources */ = {isa = PBXBuildFile; fileRef = 188B3FCA1D541FE40007F5F9 /* main.cpp */; };
/* End PBXBuildFile section */

/* Begin PBXCopyFilesBuildPhase section */
		188B3FC51D541FE40007F5F9 /* CopyFiles */ = {
			isa = PBXCopyFilesBuildPhase;
			buildActionMask = 2147483647;
			dstPath = /usr/share/man/man1/;
			dstSubfolderSpec = 0;
			files = (
			);
			runOnlyForDeploymentPostprocessing = 1;
		};
/* End PBXCopyFilesBuildPhase section */

/* Begin PBXFileReference section */
		188B3FC71D541FE40007F5F9 /* Populating Next Right Pointers in Each Node II */ = {isa = PBXFileReference; explicitFileType = "compiled.mach-o.executable"; includeInIndex = 0; path = "Populating Next Right Pointers in Each Node II"; sourceTree = BUILT_PRODUCTS_DIR; };
		188B3FCA1D541FE40007F5F9 /* main.cpp */ = {isa = PBXFileReference; lastKnownFileType = sourcecode.cpp.cpp; path = main.cpp; sourceTree = "<group>"; };
/* End PBXFileReference section */

/* Begin PBXFrameworksBuildPhase section */
		188B3FC41D541FE40007F5F9 /* Frameworks */ = {
			isa = PBXFrameworksBuildPhase;
			buildActionMask = 2147483647;
			files = (
			);
			runOnlyForDeploymentPostprocessing = 0;
		};
/* End PBXFrameworksBuildPhase section */

/* Begin PBXGroup section */
		188B3FBE1D541FE40007F5F9 = {
			isa = PBXGroup;
			children = (
				188B3FC91D541FE40007F5F9 /* Populating Next Right Pointers in Each Node II */,
				188B3FC81D541FE40007F5F9 /* Products */,
			);
			sourceTree = "<group>";
		};
		188B3FC81D541FE40007F5F9 /* Products */ = {
			isa = PBXGroup;
			children = (
				188B3FC71D541FE40007F5F9 /* Populating Next Right Pointers in Each Node II */,
			);
			name = Products;
			sourceTree = "<group>";
		};
		188B3FC91D541FE40007F5F9 /* Populating Next Right Pointers in Each Node II */ = {
			isa = PBXGroup;
			children = (
				188B3FCA1D541FE40007F5F9 /* main.cpp */,
			);
			path = "Populating Next Right Pointers in Each Node II";
			sourceTree = "<group>";
		};
/* End PBXGroup section */

/* Begin PBXNativeTarget section */
		188B3FC61D541FE40007F5F9 /* Populating Next Right Pointers in Each Node II */ = {
			isa = PBXNativeTarget;
			buildConfigurationList = 188B3FCE1D541FE40007F5F9 /* Build configuration list for PBXNativeTarget "Populating Next Right Pointers in Each Node II" */;
			buildPhases = (
				188B3FC31D541FE40007F5F9 /* Sources */,
				188B3FC41D541FE40007F5F9 /* Frameworks */,
				188B3FC51D541FE40007F5F9 /* CopyFiles */,
			);
			buildRules = (
			);
			dependencies = (
			);
			name = "Populating Next Right Pointers in Each Node II";
			productName = "Populating Next Right Pointers in Each Node II";
			productReference = 188B3FC71D541FE40007F5F9 /* Populating Next Right Pointers in Each Node II */;
			productType = "com.apple.product-type.tool";
		};
/* End PBXNativeTarget section */

/* Begin PBXProject section */
		188B3FBF1D541FE40007F5F9 /* Project object */ = {
			isa = PBXProject;
			attributes = {
				LastUpgradeCheck = 0730;
				ORGANIZATIONNAME = apple;
				TargetAttributes = {
					188B3FC61D541FE40007F5F9 = {
						CreatedOnToolsVersion = 7.3;
					};
				};
			};
			buildConfigurationList = 188B3FC21D541FE40007F5F9 /* Build configuration list for PBXProject "Populating Next Right Pointers in Each Node II" */;
			compatibilityVersion = "Xcode 3.2";
			developmentRegion = English;
			hasScannedForEncodings = 0;
			knownRegions = (
				en,
			);
			mainGroup = 188B3FBE1D541FE40007F5F9;
			productRefGroup = 188B3FC81D541FE40007F5F9 /* Products */;
			projectDirPath = "";
			projectRoot = "";
			targets = (
				188B3FC61D541FE40007F5F9 /* Populating Next Right Pointers in Each Node II */,
			);
		};
/* End PBXProject section */

/* Begin PBXSourcesBuildPhase section */
		188B3FC31D541FE40007F5F9 /* Sources */ = {
			isa = PBXSourcesBuildPhase;
			buildActionMask = 2147483647;
			files = (
				188B3FCB1D541FE40007F5F9 /* main.cpp in Sources */,
			);
			runOnlyForDeploymentPostprocessing = 0;
		};
/* End PBXSourcesBuildPhase section */

/* Begin XCBuildConfiguration section */
		188B3FCC1D541FE40007F5F9 /* Debug */ = {
			isa = XCBuildConfiguration;
			buildSettings = {
				ALWAYS_SEARCH_USER_PATHS = NO;
				CLANG_ANALYZER_NONNULL = YES;
				CLANG_CXX_LANGUAGE_STANDARD = "gnu++0x";
				CLANG_CXX_LIBRARY = "libc++";
				CLANG_ENABLE_MODULES = YES;
				CLANG_ENABLE_OBJC_ARC = YES;
				CLANG_WARN_BOOL_CONVERSION = YES;
				CLANG_WARN_CONSTANT_CONVERSION = YES;
				CLANG_WARN_DIRECT_OBJC_ISA_USAGE = YES_ERROR;
				CLANG_WARN_EMPTY_BODY = YES;
				CLANG_WARN_ENUM_CONVERSION = YES;
				CLANG_WARN_INT_CONVERSION = YES;
				CLANG_WARN_OBJC_ROOT_CLASS = YES_ERROR;
				CLANG_WARN_UNREACHABLE_CODE = YES;
				CLANG_WARN__DUPLICATE_METHOD_MATCH = YES;
				CODE_SIGN_IDENTITY = "-";
				COPY_PHASE_STRIP = NO;
				DEBUG_INFORMATION_FORMAT = dwarf;
				ENABLE_STRICT_OBJC_MSGSEND = YES;
				ENABLE_TESTABILITY = YES;
				GCC_C_LANGUAGE_STANDARD = gnu99;
				GCC_DYNAMIC_NO_PIC = NO;
				GCC_NO_COMMON_BLOCKS = YES;
				GCC_OPTIMIZATION_LEVEL = 0;
				GCC_PREPROCESSOR_DEFINITIONS = (
					"DEBUG=1",
					"$(inherited)",
				);
				GCC_WARN_64_TO_32_BIT_CONVERSION = YES;
				GCC_WARN_ABOUT_RETURN_TYPE = YES_ERROR;
				GCC_WARN_UNDECLARED_SELECTOR = YES;
				GCC_WARN_UNINITIALIZED_AUTOS = YES_AGGRESSIVE;
				GCC_WARN_UNUSED_FUNCTION = YES;
				GCC_WARN_UNUSED_VARIABLE = YES;
				MACOSX_DEPLOYMENT_TARGET = 10.11;
				MTL_ENABLE_DEBUG_INFO = YES;
				ONLY_ACTIVE_ARCH = YES;
				SDKROOT = macosx;
			};
			name = Debug;
		};
		188B3FCD1D541FE40007F5F9 /* Release */ = {
			isa = XCBuildConfiguration;
			buildSettings = {
				ALWAYS_SEARCH_USER_PATHS = NO;
				CLANG_ANALYZER_NONNULL = YES;
				CLANG_CXX_LANGUAGE_STANDARD = "gnu++0x";
				CLANG_CXX_LIBRARY = "libc++";
				CLANG_ENABLE_MODULES = YES;
				CLANG_ENABLE_OBJC_ARC = YES;
				CLANG_WARN_BOOL_CONVERSION = YES;
				CLANG_WARN_CONSTANT_CONVERSION = YES;
				CLANG_WARN_DIRECT_OBJC_ISA_USAGE = YES_ERROR;
				CLANG_WARN_EMPTY_BODY = YES;
				CLANG_WARN_ENUM_CONVERSION = YES;
				CLANG_WARN_INT_CONVERSION = YES;
				CLANG_WARN_OBJC_ROOT_CLASS = YES_ERROR;
				CLANG_WARN_UNREACHABLE_CODE = YES;
				CLANG_WARN__DUPLICATE_METHOD_MATCH = YES;
				CODE_SIGN_IDENTITY = "-";
				COPY_PHASE_STRIP = NO;
				DEBUG_INFORMATION_FORMAT = "dwarf-with-dsym";
				ENABLE_NS_ASSERTIONS = NO;
				ENABLE_STRICT_OBJC_MSGSEND = YES;
				GCC_C_LANGUAGE_STANDARD = gnu99;
				GCC_NO_COMMON_BLOCKS = YES;
				GCC_WARN_64_TO_32_BIT_CONVERSION = YES;
				GCC_WARN_ABOUT_RETURN_TYPE = YES_ERROR;
				GCC_WARN_UNDECLARED_SELECTOR = YES;
				GCC_WARN_UNINITIALIZED_AUTOS = YES_AGGRESSIVE;
				GCC_WARN_UNUSED_FUNCTION = YES;
				GCC_WARN_UNUSED_VARIABLE = YES;
				MACOSX_DEPLOYMENT_TARGET = 10.11;
				MTL_ENABLE_DEBUG_INFO = NO;
				SDKROOT = macosx;
			};
			name = Release;
		};
		188B3FCF1D541FE40007F5F9 /* Debug */ = {
			isa = XCBuildConfiguration;
			buildSettings = {
				PRODUCT_NAME = "$(TARGET_NAME)";
			};
			name = Debug;
		};
		188B3FD01D541FE40007F5F9 /* Release */ = {
			isa = XCBuildConfiguration;
			buildSettings = {
				PRODUCT_NAME = "$(TARGET_NAME)";
			};
			name = Release;
		};
/* End XCBuildConfiguration section */

/* Begin XCConfigurationList section */
		188B3FC21D541FE40007F5F9 /* Build configuration list for PBXProject "Populating Next Right Pointers in Each Node II" */ = {
			isa = XCConfigurationList;
			buildConfigurations = (
				188B3FCC1D541FE40007F5F9 /* Debug */,
				188B3FCD1D541FE40007F5F9 /* Release */,
			);
			defaultConfigurationIsVisible = 0;
			defaultConfigurationName = Release;
		};
		188B3FCE1D541FE40007F5F9 /* Build configuration list for PBXNativeTarget "Populating Next Right Pointers in Each Node II" */ = {
			isa = XCConfigurationList;
			buildConfigurations = (
				188B3FCF1D541FE40007F5F9 /* Debug */,
				188B3FD01D541FE40007F5F9 /* Release */,
			);
			defaultConfigurationIsVisible = 0;
		};
/* End XCConfigurationList section */
	};
	rootObject = 188B3FBF1D541FE40007F5F9 /* Project object */;
}
