// !$*UTF8*$!
{
	archiveVersion = 1;
	classes = {
	};
	objectVersion = 46;
	objects = {

/* Begin PBXBuildFile section */
		185646971BE39ABA0065E095 /* main.cpp in Sources */ = {isa = PBXBuildFile; fileRef = 185646961BE39ABA0065E095 /* main.cpp */; };
/* End PBXBuildFile section */

/* Begin PBXCopyFilesBuildPhase section */
		185646911BE39ABA0065E095 /* CopyFiles */ = {
			isa = PBXCopyFilesBuildPhase;
			buildActionMask = 2147483647;
			dstPath = /usr/share/man/man1/;
			dstSubfolderSpec = 0;
			files = (
			);
			runOnlyForDeploymentPostprocessing = 1;
		};
/* End PBXCopyFilesBuildPhase section */

/* Begin PBXFileReference section */
		185646931BE39ABA0065E095 /* Populating Next Right Pointers in Each Node */ = {isa = PBXFileReference; explicitFileType = "compiled.mach-o.executable"; includeInIndex = 0; path = "Populating Next Right Pointers in Each Node"; sourceTree = BUILT_PRODUCTS_DIR; };
		185646961BE39ABA0065E095 /* main.cpp */ = {isa = PBXFileReference; lastKnownFileType = sourcecode.cpp.cpp; path = main.cpp; sourceTree = "<group>"; };
/* End PBXFileReference section */

/* Begin PBXFrameworksBuildPhase section */
		185646901BE39ABA0065E095 /* Frameworks */ = {
			isa = PBXFrameworksBuildPhase;
			buildActionMask = 2147483647;
			files = (
			);
			runOnlyForDeploymentPostprocessing = 0;
		};
/* End PBXFrameworksBuildPhase section */

/* Begin PBXGroup section */
		1856468A1BE39ABA0065E095 = {
			isa = PBXGroup;
			children = (
				185646951BE39ABA0065E095 /* Populating Next Right Pointers in Each Node */,
				185646941BE39ABA0065E095 /* Products */,
			);
			sourceTree = "<group>";
		};
		185646941BE39ABA0065E095 /* Products */ = {
			isa = PBXGroup;
			children = (
				185646931BE39ABA0065E095 /* Populating Next Right Pointers in Each Node */,
			);
			name = Products;
			sourceTree = "<group>";
		};
		185646951BE39ABA0065E095 /* Populating Next Right Pointers in Each Node */ = {
			isa = PBXGroup;
			children = (
				185646961BE39ABA0065E095 /* main.cpp */,
			);
			path = "Populating Next Right Pointers in Each Node";
			sourceTree = "<group>";
		};
/* End PBXGroup section */

/* Begin PBXNativeTarget section */
		185646921BE39ABA0065E095 /* Populating Next Right Pointers in Each Node */ = {
			isa = PBXNativeTarget;
			buildConfigurationList = 1856469A1BE39ABA0065E095 /* Build configuration list for PBXNativeTarget "Populating Next Right Pointers in Each Node" */;
			buildPhases = (
				1856468F1BE39ABA0065E095 /* Sources */,
				185646901BE39ABA0065E095 /* Frameworks */,
				185646911BE39ABA0065E095 /* CopyFiles */,
			);
			buildRules = (
			);
			dependencies = (
			);
			name = "Populating Next Right Pointers in Each Node";
			productName = "Populating Next Right Pointers in Each Node";
			productReference = 185646931BE39ABA0065E095 /* Populating Next Right Pointers in Each Node */;
			productType = "com.apple.product-type.tool";
		};
/* End PBXNativeTarget section */

/* Begin PBXProject section */
		1856468B1BE39ABA0065E095 /* Project object */ = {
			isa = PBXProject;
			attributes = {
				LastUpgradeCheck = 0710;
				ORGANIZATIONNAME = apple;
				TargetAttributes = {
					185646921BE39ABA0065E095 = {
						CreatedOnToolsVersion = 7.1;
					};
				};
			};
			buildConfigurationList = 1856468E1BE39ABA0065E095 /* Build configuration list for PBXProject "Populating Next Right Pointers in Each Node" */;
			compatibilityVersion = "Xcode 3.2";
			developmentRegion = English;
			hasScannedForEncodings = 0;
			knownRegions = (
				en,
			);
			mainGroup = 1856468A1BE39ABA0065E095;
			productRefGroup = 185646941BE39ABA0065E095 /* Products */;
			projectDirPath = "";
			projectRoot = "";
			targets = (
				185646921BE39ABA0065E095 /* Populating Next Right Pointers in Each Node */,
			);
		};
/* End PBXProject section */

/* Begin PBXSourcesBuildPhase section */
		1856468F1BE39ABA0065E095 /* Sources */ = {
			isa = PBXSourcesBuildPhase;
			buildActionMask = 2147483647;
			files = (
				185646971BE39ABA0065E095 /* main.cpp in Sources */,
			);
			runOnlyForDeploymentPostprocessing = 0;
		};
/* End PBXSourcesBuildPhase section */

/* Begin XCBuildConfiguration section */
		185646981BE39ABA0065E095 /* Debug */ = {
			isa = XCBuildConfiguration;
			buildSettings = {
				ALWAYS_SEARCH_USER_PATHS = NO;
				CLANG_CXX_LANGUAGE_STANDARD = "gnu++0x";
				CLANG_CXX_LIBRARY = "libc++";
				CLANG_ENABLE_MODULES = YES;
				CLANG_ENABLE_OBJC_ARC = YES;
				CLANG_WARN_BOOL_CONVERSION = YES;
				CLANG_WARN_CONSTANT_CONVERSION = YES;
				CLANG_WARN_DIRECT_OBJC_ISA_USAGE = YES_ERROR;
				CLANG_WARN_EMPTY_BODY = YES;
				CLANG_WARN_ENUM_CONVERSION = YES;
				CLANG_WARN_INT_CONVERSION = YES;
				CLANG_WARN_OBJC_ROOT_CLASS = YES_ERROR;
				CLANG_WARN_UNREACHABLE_CODE = YES;
				CLANG_WARN__DUPLICATE_METHOD_MATCH = YES;
				CODE_SIGN_IDENTITY = "-";
				COPY_PHASE_STRIP = NO;
				DEBUG_INFORMATION_FORMAT = dwarf;
				ENABLE_STRICT_OBJC_MSGSEND = YES;
				ENABLE_TESTABILITY = YES;
				GCC_C_LANGUAGE_STANDARD = gnu99;
				GCC_DYNAMIC_NO_PIC = NO;
				GCC_NO_COMMON_BLOCKS = YES;
				GCC_OPTIMIZATION_LEVEL = 0;
				GCC_PREPROCESSOR_DEFINITIONS = (
					"DEBUG=1",
					"$(inherited)",
				);
				GCC_WARN_64_TO_32_BIT_CONVERSION = YES;
				GCC_WARN_ABOUT_RETURN_TYPE = YES_ERROR;
				GCC_WARN_UNDECLARED_SELECTOR = YES;
				GCC_WARN_UNINITIALIZED_AUTOS = YES_AGGRESSIVE;
				GCC_WARN_UNUSED_FUNCTION = YES;
				GCC_WARN_UNUSED_VARIABLE = YES;
				MACOSX_DEPLOYMENT_TARGET = 10.11;
				MTL_ENABLE_DEBUG_INFO = YES;
				ONLY_ACTIVE_ARCH = YES;
				SDKROOT = macosx;
			};
			name = Debug;
		};
		185646991BE39ABA0065E095 /* Release */ = {
			isa = XCBuildConfiguration;
			buildSettings = {
				ALWAYS_SEARCH_USER_PATHS = NO;
				CLANG_CXX_LANGUAGE_STANDARD = "gnu++0x";
				CLANG_CXX_LIBRARY = "libc++";
				CLANG_ENABLE_MODULES = YES;
				CLANG_ENABLE_OBJC_ARC = YES;
				CLANG_WARN_BOOL_CONVERSION = YES;
				CLANG_WARN_CONSTANT_CONVERSION = YES;
				CLANG_WARN_DIRECT_OBJC_ISA_USAGE = YES_ERROR;
				CLANG_WARN_EMPTY_BODY = YES;
				CLANG_WARN_ENUM_CONVERSION = YES;
				CLANG_WARN_INT_CONVERSION = YES;
				CLANG_WARN_OBJC_ROOT_CLASS = YES_ERROR;
				CLANG_WARN_UNREACHABLE_CODE = YES;
				CLANG_WARN__DUPLICATE_METHOD_MATCH = YES;
				CODE_SIGN_IDENTITY = "-";
				COPY_PHASE_STRIP = NO;
				DEBUG_INFORMATION_FORMAT = "dwarf-with-dsym";
				ENABLE_NS_ASSERTIONS = NO;
				ENABLE_STRICT_OBJC_MSGSEND = YES;
				GCC_C_LANGUAGE_STANDARD = gnu99;
				GCC_NO_COMMON_BLOCKS = YES;
				GCC_WARN_64_TO_32_BIT_CONVERSION = YES;
				GCC_WARN_ABOUT_RETURN_TYPE = YES_ERROR;
				GCC_WARN_UNDECLARED_SELECTOR = YES;
				GCC_WARN_UNINITIALIZED_AUTOS = YES_AGGRESSIVE;
				GCC_WARN_UNUSED_FUNCTION = YES;
				GCC_WARN_UNUSED_VARIABLE = YES;
				MACOSX_DEPLOYMENT_TARGET = 10.11;
				MTL_ENABLE_DEBUG_INFO = NO;
				SDKROOT = macosx;
			};
			name = Release;
		};
		1856469B1BE39ABA0065E095 /* Debug */ = {
			isa = XCBuildConfiguration;
			buildSettings = {
				PRODUCT_NAME = "$(TARGET_NAME)";
			};
			name = Debug;
		};
		1856469C1BE39ABA0065E095 /* Release */ = {
			isa = XCBuildConfiguration;
			buildSettings = {
				PRODUCT_NAME = "$(TARGET_NAME)";
			};
			name = Release;
		};
/* End XCBuildConfiguration section */

/* Begin XCConfigurationList section */
		1856468E1BE39ABA0065E095 /* Build configuration list for PBXProject "Populating Next Right Pointers in Each Node" */ = {
			isa = XCConfigurationList;
			buildConfigurations = (
				185646981BE39ABA0065E095 /* Debug */,
				185646991BE39ABA0065E095 /* Release */,
			);
			defaultConfigurationIsVisible = 0;
			defaultConfigurationName = Release;
		};
		1856469A1BE39ABA0065E095 /* Build configuration list for PBXNativeTarget "Populating Next Right Pointers in Each Node" */ = {
			isa = XCConfigurationList;
			buildConfigurations = (
				1856469B1BE39ABA0065E095 /* Debug */,
				1856469C1BE39ABA0065E095 /* Release */,
			);
			defaultConfigurationIsVisible = 0;
		};
/* End XCConfigurationList section */
	};
	rootObject = 1856468B1BE39ABA0065E095 /* Project object */;
}
