// !$*UTF8*$!
{
	archiveVersion = 1;
	classes = {
	};
	objectVersion = 46;
	objects = {

/* Begin PBXBuildFile section */
		180A0E4A1CBC898400C1C298 /* main.cpp in Sources */ = {isa = PBXBuildFile; fileRef = 180A0E491CBC898400C1C298 /* main.cpp */; };
/* End PBXBuildFile section */

/* Begin PBXCopyFilesBuildPhase section */
		180A0E441CBC898400C1C298 /* CopyFiles */ = {
			isa = PBXCopyFilesBuildPhase;
			buildActionMask = 2147483647;
			dstPath = /usr/share/man/man1/;
			dstSubfolderSpec = 0;
			files = (
			);
			runOnlyForDeploymentPostprocessing = 1;
		};
/* End PBXCopyFilesBuildPhase section */

/* Begin PBXFileReference section */
		180A0E461CBC898400C1C298 /* Remove Duplicates from Sorted Array */ = {isa = PBXFileReference; explicitFileType = "compiled.mach-o.executable"; includeInIndex = 0; path = "Remove Duplicates from Sorted Array"; sourceTree = BUILT_PRODUCTS_DIR; };
		180A0E491CBC898400C1C298 /* main.cpp */ = {isa = PBXFileReference; lastKnownFileType = sourcecode.cpp.cpp; path = main.cpp; sourceTree = "<group>"; };
/* End PBXFileReference section */

/* Begin PBXFrameworksBuildPhase section */
		180A0E431CBC898400C1C298 /* Frameworks */ = {
			isa = PBXFrameworksBuildPhase;
			buildActionMask = 2147483647;
			files = (
			);
			runOnlyForDeploymentPostprocessing = 0;
		};
/* End PBXFrameworksBuildPhase section */

/* Begin PBXGroup section */
		180A0E3D1CBC898400C1C298 = {
			isa = PBXGroup;
			children = (
				180A0E481CBC898400C1C298 /* Remove Duplicates from Sorted Array */,
				180A0E471CBC898400C1C298 /* Products */,
			);
			sourceTree = "<group>";
		};
		180A0E471CBC898400C1C298 /* Products */ = {
			isa = PBXGroup;
			children = (
				180A0E461CBC898400C1C298 /* Remove Duplicates from Sorted Array */,
			);
			name = Products;
			sourceTree = "<group>";
		};
		180A0E481CBC898400C1C298 /* Remove Duplicates from Sorted Array */ = {
			isa = PBXGroup;
			children = (
				180A0E491CBC898400C1C298 /* main.cpp */,
			);
			path = "Remove Duplicates from Sorted Array";
			sourceTree = "<group>";
		};
/* End PBXGroup section */

/* Begin PBXNativeTarget section */
		180A0E451CBC898400C1C298 /* Remove Duplicates from Sorted Array */ = {
			isa = PBXNativeTarget;
			buildConfigurationList = 180A0E4D1CBC898400C1C298 /* Build configuration list for PBXNativeTarget "Remove Duplicates from Sorted Array" */;
			buildPhases = (
				180A0E421CBC898400C1C298 /* Sources */,
				180A0E431CBC898400C1C298 /* Frameworks */,
				180A0E441CBC898400C1C298 /* CopyFiles */,
			);
			buildRules = (
			);
			dependencies = (
			);
			name = "Remove Duplicates from Sorted Array";
			productName = "Remove Duplicates from Sorted Array";
			productReference = 180A0E461CBC898400C1C298 /* Remove Duplicates from Sorted Array */;
			productType = "com.apple.product-type.tool";
		};
/* End PBXNativeTarget section */

/* Begin PBXProject section */
		180A0E3E1CBC898400C1C298 /* Project object */ = {
			isa = PBXProject;
			attributes = {
				LastUpgradeCheck = 0730;
				ORGANIZATIONNAME = apple;
				TargetAttributes = {
					180A0E451CBC898400C1C298 = {
						CreatedOnToolsVersion = 7.3;
					};
				};
			};
			buildConfigurationList = 180A0E411CBC898400C1C298 /* Build configuration list for PBXProject "Remove Duplicates from Sorted Array" */;
			compatibilityVersion = "Xcode 3.2";
			developmentRegion = English;
			hasScannedForEncodings = 0;
			knownRegions = (
				en,
			);
			mainGroup = 180A0E3D1CBC898400C1C298;
			productRefGroup = 180A0E471CBC898400C1C298 /* Products */;
			projectDirPath = "";
			projectRoot = "";
			targets = (
				180A0E451CBC898400C1C298 /* Remove Duplicates from Sorted Array */,
			);
		};
/* End PBXProject section */

/* Begin PBXSourcesBuildPhase section */
		180A0E421CBC898400C1C298 /* Sources */ = {
			isa = PBXSourcesBuildPhase;
			buildActionMask = 2147483647;
			files = (
				180A0E4A1CBC898400C1C298 /* main.cpp in Sources */,
			);
			runOnlyForDeploymentPostprocessing = 0;
		};
/* End PBXSourcesBuildPhase section */

/* Begin XCBuildConfiguration section */
		180A0E4B1CBC898400C1C298 /* Debug */ = {
			isa = XCBuildConfiguration;
			buildSettings = {
				ALWAYS_SEARCH_USER_PATHS = NO;
				CLANG_ANALYZER_NONNULL = YES;
				CLANG_CXX_LANGUAGE_STANDARD = "gnu++0x";
				CLANG_CXX_LIBRARY = "libc++";
				CLANG_ENABLE_MODULES = YES;
				CLANG_ENABLE_OBJC_ARC = YES;
				CLANG_WARN_BOOL_CONVERSION = YES;
				CLANG_WARN_CONSTANT_CONVERSION = YES;
				CLANG_WARN_DIRECT_OBJC_ISA_USAGE = YES_ERROR;
				CLANG_WARN_EMPTY_BODY = YES;
				CLANG_WARN_ENUM_CONVERSION = YES;
				CLANG_WARN_INT_CONVERSION = YES;
				CLANG_WARN_OBJC_ROOT_CLASS = YES_ERROR;
				CLANG_WARN_UNREACHABLE_CODE = YES;
				CLANG_WARN__DUPLICATE_METHOD_MATCH = YES;
				CODE_SIGN_IDENTITY = "-";
				COPY_PHASE_STRIP = NO;
				DEBUG_INFORMATION_FORMAT = dwarf;
				ENABLE_STRICT_OBJC_MSGSEND = YES;
				ENABLE_TESTABILITY = YES;
				GCC_C_LANGUAGE_STANDARD = gnu99;
				GCC_DYNAMIC_NO_PIC = NO;
				GCC_NO_COMMON_BLOCKS = YES;
				GCC_OPTIMIZATION_LEVEL = 0;
				GCC_PREPROCESSOR_DEFINITIONS = (
					"DEBUG=1",
					"$(inherited)",
				);
				GCC_WARN_64_TO_32_BIT_CONVERSION = YES;
				GCC_WARN_ABOUT_RETURN_TYPE = YES_ERROR;
				GCC_WARN_UNDECLARED_SELECTOR = YES;
				GCC_WARN_UNINITIALIZED_AUTOS = YES_AGGRESSIVE;
				GCC_WARN_UNUSED_FUNCTION = YES;
				GCC_WARN_UNUSED_VARIABLE = YES;
				MACOSX_DEPLOYMENT_TARGET = 10.11;
				MTL_ENABLE_DEBUG_INFO = YES;
				ONLY_ACTIVE_ARCH = YES;
				SDKROOT = macosx;
			};
			name = Debug;
		};
		180A0E4C1CBC898400C1C298 /* Release */ = {
			isa = XCBuildConfiguration;
			buildSettings = {
				ALWAYS_SEARCH_USER_PATHS = NO;
				CLANG_ANALYZER_NONNULL = YES;
				CLANG_CXX_LANGUAGE_STANDARD = "gnu++0x";
				CLANG_CXX_LIBRARY = "libc++";
				CLANG_ENABLE_MODULES = YES;
				CLANG_ENABLE_OBJC_ARC = YES;
				CLANG_WARN_BOOL_CONVERSION = YES;
				CLANG_WARN_CONSTANT_CONVERSION = YES;
				CLANG_WARN_DIRECT_OBJC_ISA_USAGE = YES_ERROR;
				CLANG_WARN_EMPTY_BODY = YES;
				CLANG_WARN_ENUM_CONVERSION = YES;
				CLANG_WARN_INT_CONVERSION = YES;
				CLANG_WARN_OBJC_ROOT_CLASS = YES_ERROR;
				CLANG_WARN_UNREACHABLE_CODE = YES;
				CLANG_WARN__DUPLICATE_METHOD_MATCH = YES;
				CODE_SIGN_IDENTITY = "-";
				COPY_PHASE_STRIP = NO;
				DEBUG_INFORMATION_FORMAT = "dwarf-with-dsym";
				ENABLE_NS_ASSERTIONS = NO;
				ENABLE_STRICT_OBJC_MSGSEND = YES;
				GCC_C_LANGUAGE_STANDARD = gnu99;
				GCC_NO_COMMON_BLOCKS = YES;
				GCC_WARN_64_TO_32_BIT_CONVERSION = YES;
				GCC_WARN_ABOUT_RETURN_TYPE = YES_ERROR;
				GCC_WARN_UNDECLARED_SELECTOR = YES;
				GCC_WARN_UNINITIALIZED_AUTOS = YES_AGGRESSIVE;
				GCC_WARN_UNUSED_FUNCTION = YES;
				GCC_WARN_UNUSED_VARIABLE = YES;
				MACOSX_DEPLOYMENT_TARGET = 10.11;
				MTL_ENABLE_DEBUG_INFO = NO;
				SDKROOT = macosx;
			};
			name = Release;
		};
		180A0E4E1CBC898400C1C298 /* Debug */ = {
			isa = XCBuildConfiguration;
			buildSettings = {
				PRODUCT_NAME = "$(TARGET_NAME)";
			};
			name = Debug;
		};
		180A0E4F1CBC898400C1C298 /* Release */ = {
			isa = XCBuildConfiguration;
			buildSettings = {
				PRODUCT_NAME = "$(TARGET_NAME)";
			};
			name = Release;
		};
/* End XCBuildConfiguration section */

/* Begin XCConfigurationList section */
		180A0E411CBC898400C1C298 /* Build configuration list for PBXProject "Remove Duplicates from Sorted Array" */ = {
			isa = XCConfigurationList;
			buildConfigurations = (
				180A0E4B1CBC898400C1C298 /* Debug */,
				180A0E4C1CBC898400C1C298 /* Release */,
			);
			defaultConfigurationIsVisible = 0;
			defaultConfigurationName = Release;
		};
		180A0E4D1CBC898400C1C298 /* Build configuration list for PBXNativeTarget "Remove Duplicates from Sorted Array" */ = {
			isa = XCConfigurationList;
			buildConfigurations = (
				180A0E4E1CBC898400C1C298 /* Debug */,
				180A0E4F1CBC898400C1C298 /* Release */,
			);
			defaultConfigurationIsVisible = 0;
		};
/* End XCConfigurationList section */
	};
	rootObject = 180A0E3E1CBC898400C1C298 /* Project object */;
}
